
Microsoft Visual Studio Solution File, Format Version 12.00
# Visual Studio Version 17
VisualStudioVersion = 17.5.33516.290
MinimumVisualStudioVersion = 10.0.40219.1
Project("{9A19103F-16F7-4668-BE54-9A1E7A4F7556}") = "csharp_console_app", "csharp_console_app.csproj", "{16BFD93C-D08B-44EF-AFD1-A78A7BC8BC03}"
EndProject
Global
	GlobalSection(SolutionConfigurationPlatforms) = preSolution
		Debug|Any CPU = Debug|Any CPU
		Release|Any CPU = Release|Any CPU
	EndGlobalSection
	GlobalSection(ProjectConfigurationPlatforms) = postSolution
		{16BFD93C-D08B-44EF-AFD1-A78A7BC8BC03}.Debug|Any CPU.ActiveCfg = Debug|Any CPU
		{16BFD93C-D08B-44EF-AFD1-A78A7BC8BC03}.Debug|Any CPU.Build.0 = Debug|Any CPU
		{16BFD93C-D08B-44EF-AFD1-A78A7BC8BC03}.Release|Any CPU.ActiveCfg = Release|Any CPU
		{16BFD93C-D08B-44EF-AFD1-A78A7BC8BC03}.Release|Any CPU.Build.0 = Release|Any CPU
	EndGlobalSection
	GlobalSection(SolutionProperties) = preSolution
		HideSolutionNode = FALSE
	EndGlobalSection
	GlobalSection(ExtensibilityGlobals) = postSolution
		SolutionGuid = {8921273F-89E0-4354-96BA-91E278FA5516}
	EndGlobalSection
EndGlobal
